
Microsoft Visual Studio Solution File, Format Version 12.00
# Visual Studio Version 17
VisualStudioVersion = 17.7.34302.85
MinimumVisualStudioVersion = 10.0.40219.1
Project("{FAE04EC0-301F-11D3-BF4B-00C04F79EFBC}") = "L43_shop", "L43_shop.csproj", "{15109267-D573-4F1B-A2C0-8DDD737CAAA4}"
EndProject
Global
	GlobalSection(SolutionConfigurationPlatforms) = preSolution
		Debug|Any CPU = Debug|Any CPU
		Release|Any CPU = Release|Any CPU
	EndGlobalSection
	GlobalSection(ProjectConfigurationPlatforms) = postSolution
		{15109267-D573-4F1B-A2C0-8DDD737CAAA4}.Debug|Any CPU.ActiveCfg = Debug|Any CPU
		{15109267-D573-4F1B-A2C0-8DDD737CAAA4}.Debug|Any CPU.Build.0 = Debug|Any CPU
		{15109267-D573-4F1B-A2C0-8DDD737CAAA4}.Release|Any CPU.ActiveCfg = Release|Any CPU
		{15109267-D573-4F1B-A2C0-8DDD737CAAA4}.Release|Any CPU.Build.0 = Release|Any CPU
	EndGlobalSection
	GlobalSection(SolutionProperties) = preSolution
		HideSolutionNode = FALSE
	EndGlobalSection
	GlobalSection(ExtensibilityGlobals) = postSolution
		SolutionGuid = {307D412C-C8A6-45AD-BA5F-3493122C8E3B}
	EndGlobalSection
EndGlobal
